
Microsoft Visual Studio Solution File, Format Version 12.00
# Visual Studio Version 17
VisualStudioVersion = 17.8.34309.116
MinimumVisualStudioVersion = 10.0.40219.1
Project("{FAE04EC0-301F-11D3-BF4B-00C04F79EFBC}") = "TestWeb", "TestWeb\TestWeb.csproj", "{7D73F20E-528D-4EAC-9CBB-A68150B009DC}"
EndProject
Global
	GlobalSection(SolutionConfigurationPlatforms) = preSolution
		Debug|Any CPU = Debug|Any CPU
		Release|Any CPU = Release|Any CPU
	EndGlobalSection
	GlobalSection(ProjectConfigurationPlatforms) = postSolution
		{7D73F20E-528D-4EAC-9CBB-A68150B009DC}.Debug|Any CPU.ActiveCfg = Debug|Any CPU
		{7D73F20E-528D-4EAC-9CBB-A68150B009DC}.Debug|Any CPU.Build.0 = Debug|Any CPU
		{7D73F20E-528D-4EAC-9CBB-A68150B009DC}.Release|Any CPU.ActiveCfg = Release|Any CPU
		{7D73F20E-528D-4EAC-9CBB-A68150B009DC}.Release|Any CPU.Build.0 = Release|Any CPU
	EndGlobalSection
	GlobalSection(SolutionProperties) = preSolution
		HideSolutionNode = FALSE
	EndGlobalSection
	GlobalSection(ExtensibilityGlobals) = postSolution
		SolutionGuid = {5A30FFF3-85D5-4788-8533-BDDF00B7E459}
	EndGlobalSection
EndGlobal
